
Microsoft Visual Studio Solution File, Format Version 12.00
# Visual Studio Version 17
VisualStudioVersion = 17.13.35825.156
MinimumVisualStudioVersion = 10.0.40219.1
Project("{FAE04EC0-301F-11D3-BF4B-00C04F79EFBC}") = "ZlgCanComm", "ZlgCanComm\ZlgCanComm.csproj", "{95CFCFBA-A5A3-49B4-8143-AD2AB7E7E03F}"
EndProject
Project("{FAE04EC0-301F-11D3-BF4B-00C04F79EFBC}") = "DataOperation", "DataOperation\DataOperation.csproj", "{FCE7FD92-9529-40DF-83AB-92B6B4DC469C}"
EndProject
Project("{FAE04EC0-301F-11D3-BF4B-00C04F79EFBC}") = "MTTfTest", "MTTfTest\MTTfTest.csproj", "{B921A6BD-A621-4FD4-9A47-840865FC82C9}"
EndProject
Project("{FAE04EC0-301F-11D3-BF4B-00C04F79EFBC}") = "Config", "Config\Config.csproj", "{7941D662-F680-489B-972D-F324CBB42A9D}"
EndProject
Project("{FAE04EC0-301F-11D3-BF4B-00C04F79EFBC}") = "PowerSupply.Core", "PowerSupply.Core\PowerSupply.Core.csproj", "{A5C2D9B1-42EE-4A86-B8C7-8147F4DA1C2E}"
EndProject
Project("{FAE04EC0-301F-11D3-BF4B-00C04F79EFBC}") = "Timing", "Timing\Timing.csproj", "{3D810EE2-A0EF-4D1F-84CD-2DDCF63FB434}"
EndProject
Project("{FAE04EC0-301F-11D3-BF4B-00C04F79EFBC}") = "Controller", "Controller\Controller.csproj", "{3788ACA5-1B32-414C-8678-637D8CAD9B18}"
EndProject
Project("{FAE04EC0-301F-11D3-BF4B-00C04F79EFBC}") = "Utils", "Utils\Utils.csproj", "{35140C32-3463-46FB-8623-E41A90EB8EE1}"
EndProject
Project("{FAE04EC0-301F-11D3-BF4B-00C04F79EFBC}") = "IO.NI", "IO.NI\IO.NI.csproj", "{1FDE7D08-9014-474C-90C4-A13814D94327}"
EndProject
Project("{FAE04EC0-301F-11D3-BF4B-00C04F79EFBC}") = "AdaptiveControlTests", "Tests\AdaptiveControlTests\AdaptiveControlTests.csproj", "{78F9F16B-D842-488F-A418-6AF01F8D4C13}"
EndProject
Project("{FAE04EC0-301F-11D3-BF4B-00C04F79EFBC}") = "EpbDiskWriterTests", "Tests\EpbDiskWriterTests\EpbDiskWriterTests.csproj", "{9672D599-3D93-41E6-914D-91C4A24B172B}"
EndProject
Project("{FAE04EC0-301F-11D3-BF4B-00C04F79EFBC}") = "PowerSupplyDebugger", "PowerSupplyDebugger\PowerSupplyDebugger.csproj", "{271E7877-7910-4414-AF23-DB5B192E74E8}"
EndProject
Project("{FAE04EC0-301F-11D3-BF4B-00C04F79EFBC}") = "Watchdog.Protocol", "Watchdog.Protocol\Watchdog.Protocol.csproj", "{9B2A88C4-F717-4CB8-86E1-0F6FDD5D9837}"
EndProject
Project("{FAE04EC0-301F-11D3-BF4B-00C04F79EFBC}") = "MTTFTest.Watchdog", "MTTFTest.Watchdog\MTTFTest.Watchdog.csproj", "{DA67689F-B6CB-4F88-A728-8C405E321AEA}"
EndProject
Project("{FAE04EC0-301F-11D3-BF4B-00C04F79EFBC}") = "Watchdog.Client", "Watchdog.Client\Watchdog.Client.csproj", "{4E6B3F5E-7C42-4A1C-9E02-7D9A3D4C8E61}"
EndProject
Project("{2150E333-8FDC-42A3-9474-1A3956D46DE8}") = "Tests", "Tests", "{0AB3BF05-4346-4AA6-1389-037BE0695223}"
EndProject
Project("{FAE04EC0-301F-11D3-BF4B-00C04F79EFBC}") = "PowerSupplyDebugger.Tests", "Tests\PowerSupplyDebugger.Tests\PowerSupplyDebugger.Tests.csproj", "{549DB25A-6585-41A5-8A36-A234D24D8A72}"
EndProject
Global
	GlobalSection(SolutionConfigurationPlatforms) = preSolution
		Debug|Any CPU = Debug|Any CPU
		Debug|Mixed Platforms = Debug|Mixed Platforms
		Debug|x64 = Debug|x64
		Debug|x86 = Debug|x86
		Release|Any CPU = Release|Any CPU
		Release|Mixed Platforms = Release|Mixed Platforms
		Release|x64 = Release|x64
		Release|x86 = Release|x86
	EndGlobalSection
	GlobalSection(ProjectConfigurationPlatforms) = postSolution
		{95CFCFBA-A5A3-49B4-8143-AD2AB7E7E03F}.Debug|Any CPU.ActiveCfg = Debug|Any CPU
		{95CFCFBA-A5A3-49B4-8143-AD2AB7E7E03F}.Debug|Any CPU.Build.0 = Debug|Any CPU
		{95CFCFBA-A5A3-49B4-8143-AD2AB7E7E03F}.Debug|Mixed Platforms.ActiveCfg = Debug|Any CPU
		{95CFCFBA-A5A3-49B4-8143-AD2AB7E7E03F}.Debug|Mixed Platforms.Build.0 = Debug|Any CPU
		{95CFCFBA-A5A3-49B4-8143-AD2AB7E7E03F}.Debug|x64.ActiveCfg = Debug|Any CPU
		{95CFCFBA-A5A3-49B4-8143-AD2AB7E7E03F}.Debug|x64.Build.0 = Debug|Any CPU
		{95CFCFBA-A5A3-49B4-8143-AD2AB7E7E03F}.Debug|x86.ActiveCfg = Debug|Any CPU
		{95CFCFBA-A5A3-49B4-8143-AD2AB7E7E03F}.Debug|x86.Build.0 = Debug|Any CPU
		{95CFCFBA-A5A3-49B4-8143-AD2AB7E7E03F}.Release|Any CPU.ActiveCfg = Release|Any CPU
		{95CFCFBA-A5A3-49B4-8143-AD2AB7E7E03F}.Release|Any CPU.Build.0 = Release|Any CPU
		{95CFCFBA-A5A3-49B4-8143-AD2AB7E7E03F}.Release|Mixed Platforms.ActiveCfg = Release|Any CPU
		{95CFCFBA-A5A3-49B4-8143-AD2AB7E7E03F}.Release|Mixed Platforms.Build.0 = Release|Any CPU
		{95CFCFBA-A5A3-49B4-8143-AD2AB7E7E03F}.Release|x64.ActiveCfg = Release|Any CPU
		{95CFCFBA-A5A3-49B4-8143-AD2AB7E7E03F}.Release|x64.Build.0 = Release|Any CPU
		{95CFCFBA-A5A3-49B4-8143-AD2AB7E7E03F}.Release|x86.ActiveCfg = Release|Any CPU
		{95CFCFBA-A5A3-49B4-8143-AD2AB7E7E03F}.Release|x86.Build.0 = Release|Any CPU
		{FCE7FD92-9529-40DF-83AB-92B6B4DC469C}.Debug|Any CPU.ActiveCfg = Debug|Any CPU
		{FCE7FD92-9529-40DF-83AB-92B6B4DC469C}.Debug|Any CPU.Build.0 = Debug|Any CPU
		{FCE7FD92-9529-40DF-83AB-92B6B4DC469C}.Debug|Mixed Platforms.ActiveCfg = Debug|Any CPU
		{FCE7FD92-9529-40DF-83AB-92B6B4DC469C}.Debug|Mixed Platforms.Build.0 = Debug|Any CPU
		{FCE7FD92-9529-40DF-83AB-92B6B4DC469C}.Debug|x64.ActiveCfg = Debug|Any CPU
		{FCE7FD92-9529-40DF-83AB-92B6B4DC469C}.Debug|x64.Build.0 = Debug|Any CPU
		{FCE7FD92-9529-40DF-83AB-92B6B4DC469C}.Debug|x86.ActiveCfg = Debug|Any CPU
		{FCE7FD92-9529-40DF-83AB-92B6B4DC469C}.Debug|x86.Build.0 = Debug|Any CPU
		{FCE7FD92-9529-40DF-83AB-92B6B4DC469C}.Release|Any CPU.ActiveCfg = Release|Any CPU
		{FCE7FD92-9529-40DF-83AB-92B6B4DC469C}.Release|Any CPU.Build.0 = Release|Any CPU
		{FCE7FD92-9529-40DF-83AB-92B6B4DC469C}.Release|Mixed Platforms.ActiveCfg = Release|Any CPU
		{FCE7FD92-9529-40DF-83AB-92B6B4DC469C}.Release|Mixed Platforms.Build.0 = Release|Any CPU
		{FCE7FD92-9529-40DF-83AB-92B6B4DC469C}.Release|x64.ActiveCfg = Release|Any CPU
		{FCE7FD92-9529-40DF-83AB-92B6B4DC469C}.Release|x64.Build.0 = Release|Any CPU
		{FCE7FD92-9529-40DF-83AB-92B6B4DC469C}.Release|x86.ActiveCfg = Release|Any CPU
		{FCE7FD92-9529-40DF-83AB-92B6B4DC469C}.Release|x86.Build.0 = Release|Any CPU
		{B921A6BD-A621-4FD4-9A47-840865FC82C9}.Debug|Any CPU.ActiveCfg = Debug|Any CPU
		{B921A6BD-A621-4FD4-9A47-840865FC82C9}.Debug|Any CPU.Build.0 = Debug|Any CPU
		{B921A6BD-A621-4FD4-9A47-840865FC82C9}.Debug|Mixed Platforms.ActiveCfg = Debug|Any CPU
		{B921A6BD-A621-4FD4-9A47-840865FC82C9}.Debug|Mixed Platforms.Build.0 = Debug|Any CPU
		{B921A6BD-A621-4FD4-9A47-840865FC82C9}.Debug|x64.ActiveCfg = Debug|Any CPU
		{B921A6BD-A621-4FD4-9A47-840865FC82C9}.Debug|x64.Build.0 = Debug|Any CPU
		{B921A6BD-A621-4FD4-9A47-840865FC82C9}.Debug|x86.ActiveCfg = Debug|Any CPU
		{B921A6BD-A621-4FD4-9A47-840865FC82C9}.Debug|x86.Build.0 = Debug|Any CPU
		{B921A6BD-A621-4FD4-9A47-840865FC82C9}.Release|Any CPU.ActiveCfg = Release|Any CPU
		{B921A6BD-A621-4FD4-9A47-840865FC82C9}.Release|Any CPU.Build.0 = Release|Any CPU
		{B921A6BD-A621-4FD4-9A47-840865FC82C9}.Release|Mixed Platforms.ActiveCfg = Release|Any CPU
		{B921A6BD-A621-4FD4-9A47-840865FC82C9}.Release|Mixed Platforms.Build.0 = Release|Any CPU
		{B921A6BD-A621-4FD4-9A47-840865FC82C9}.Release|x64.ActiveCfg = Release|Any CPU
		{B921A6BD-A621-4FD4-9A47-840865FC82C9}.Release|x64.Build.0 = Release|Any CPU
		{B921A6BD-A621-4FD4-9A47-840865FC82C9}.Release|x86.ActiveCfg = Release|Any CPU
		{B921A6BD-A621-4FD4-9A47-840865FC82C9}.Release|x86.Build.0 = Release|Any CPU
		{7941D662-F680-489B-972D-F324CBB42A9D}.Debug|Any CPU.ActiveCfg = Debug|Any CPU
		{7941D662-F680-489B-972D-F324CBB42A9D}.Debug|Any CPU.Build.0 = Debug|Any CPU
		{7941D662-F680-489B-972D-F324CBB42A9D}.Debug|Mixed Platforms.ActiveCfg = Debug|Any CPU
		{7941D662-F680-489B-972D-F324CBB42A9D}.Debug|Mixed Platforms.Build.0 = Debug|Any CPU
		{7941D662-F680-489B-972D-F324CBB42A9D}.Debug|x64.ActiveCfg = Debug|Any CPU
		{7941D662-F680-489B-972D-F324CBB42A9D}.Debug|x64.Build.0 = Debug|Any CPU
		{7941D662-F680-489B-972D-F324CBB42A9D}.Debug|x86.ActiveCfg = Debug|Any CPU
		{7941D662-F680-489B-972D-F324CBB42A9D}.Debug|x86.Build.0 = Debug|Any CPU
		{7941D662-F680-489B-972D-F324CBB42A9D}.Release|Any CPU.ActiveCfg = Release|Any CPU
		{7941D662-F680-489B-972D-F324CBB42A9D}.Release|Any CPU.Build.0 = Release|Any CPU
		{7941D662-F680-489B-972D-F324CBB42A9D}.Release|Mixed Platforms.ActiveCfg = Release|Any CPU
		{7941D662-F680-489B-972D-F324CBB42A9D}.Release|Mixed Platforms.Build.0 = Release|Any CPU
		{7941D662-F680-489B-972D-F324CBB42A9D}.Release|x64.ActiveCfg = Release|Any CPU
		{7941D662-F680-489B-972D-F324CBB42A9D}.Release|x64.Build.0 = Release|Any CPU
		{7941D662-F680-489B-972D-F324CBB42A9D}.Release|x86.ActiveCfg = Release|Any CPU
		{7941D662-F680-489B-972D-F324CBB42A9D}.Release|x86.Build.0 = Release|Any CPU
		{A5C2D9B1-42EE-4A86-B8C7-8147F4DA1C2E}.Debug|Any CPU.ActiveCfg = Debug|Any CPU
		{A5C2D9B1-42EE-4A86-B8C7-8147F4DA1C2E}.Debug|Any CPU.Build.0 = Debug|Any CPU
		{A5C2D9B1-42EE-4A86-B8C7-8147F4DA1C2E}.Debug|Mixed Platforms.ActiveCfg = Debug|Any CPU
		{A5C2D9B1-42EE-4A86-B8C7-8147F4DA1C2E}.Debug|Mixed Platforms.Build.0 = Debug|Any CPU
		{A5C2D9B1-42EE-4A86-B8C7-8147F4DA1C2E}.Debug|x64.ActiveCfg = Debug|Any CPU
		{A5C2D9B1-42EE-4A86-B8C7-8147F4DA1C2E}.Debug|x64.Build.0 = Debug|Any CPU
		{A5C2D9B1-42EE-4A86-B8C7-8147F4DA1C2E}.Debug|x86.ActiveCfg = Debug|Any CPU
		{A5C2D9B1-42EE-4A86-B8C7-8147F4DA1C2E}.Debug|x86.Build.0 = Debug|Any CPU
		{A5C2D9B1-42EE-4A86-B8C7-8147F4DA1C2E}.Release|Any CPU.ActiveCfg = Release|Any CPU
		{A5C2D9B1-42EE-4A86-B8C7-8147F4DA1C2E}.Release|Any CPU.Build.0 = Release|Any CPU
		{A5C2D9B1-42EE-4A86-B8C7-8147F4DA1C2E}.Release|Mixed Platforms.ActiveCfg = Release|Any CPU
		{A5C2D9B1-42EE-4A86-B8C7-8147F4DA1C2E}.Release|Mixed Platforms.Build.0 = Release|Any CPU
		{A5C2D9B1-42EE-4A86-B8C7-8147F4DA1C2E}.Release|x64.ActiveCfg = Release|Any CPU
		{A5C2D9B1-42EE-4A86-B8C7-8147F4DA1C2E}.Release|x64.Build.0 = Release|Any CPU
		{A5C2D9B1-42EE-4A86-B8C7-8147F4DA1C2E}.Release|x86.ActiveCfg = Release|Any CPU
		{A5C2D9B1-42EE-4A86-B8C7-8147F4DA1C2E}.Release|x86.Build.0 = Release|Any CPU
		{3D810EE2-A0EF-4D1F-84CD-2DDCF63FB434}.Debug|Any CPU.ActiveCfg = Debug|Any CPU
		{3D810EE2-A0EF-4D1F-84CD-2DDCF63FB434}.Debug|Any CPU.Build.0 = Debug|Any CPU
		{3D810EE2-A0EF-4D1F-84CD-2DDCF63FB434}.Debug|Mixed Platforms.ActiveCfg = Debug|Any CPU
		{3D810EE2-A0EF-4D1F-84CD-2DDCF63FB434}.Debug|Mixed Platforms.Build.0 = Debug|Any CPU
		{3D810EE2-A0EF-4D1F-84CD-2DDCF63FB434}.Debug|x64.ActiveCfg = Debug|Any CPU
		{3D810EE2-A0EF-4D1F-84CD-2DDCF63FB434}.Debug|x64.Build.0 = Debug|Any CPU
		{3D810EE2-A0EF-4D1F-84CD-2DDCF63FB434}.Debug|x86.ActiveCfg = Debug|Any CPU
		{3D810EE2-A0EF-4D1F-84CD-2DDCF63FB434}.Debug|x86.Build.0 = Debug|Any CPU
		{3D810EE2-A0EF-4D1F-84CD-2DDCF63FB434}.Release|Any CPU.ActiveCfg = Release|Any CPU
		{3D810EE2-A0EF-4D1F-84CD-2DDCF63FB434}.Release|Any CPU.Build.0 = Release|Any CPU
		{3D810EE2-A0EF-4D1F-84CD-2DDCF63FB434}.Release|Mixed Platforms.ActiveCfg = Release|Any CPU
		{3D810EE2-A0EF-4D1F-84CD-2DDCF63FB434}.Release|Mixed Platforms.Build.0 = Release|Any CPU
		{3D810EE2-A0EF-4D1F-84CD-2DDCF63FB434}.Release|x64.ActiveCfg = Release|Any CPU
		{3D810EE2-A0EF-4D1F-84CD-2DDCF63FB434}.Release|x64.Build.0 = Release|Any CPU
		{3D810EE2-A0EF-4D1F-84CD-2DDCF63FB434}.Release|x86.ActiveCfg = Release|Any CPU
		{3D810EE2-A0EF-4D1F-84CD-2DDCF63FB434}.Release|x86.Build.0 = Release|Any CPU
		{3788ACA5-1B32-414C-8678-637D8CAD9B18}.Debug|Any CPU.ActiveCfg = Debug|Any CPU
		{3788ACA5-1B32-414C-8678-637D8CAD9B18}.Debug|Any CPU.Build.0 = Debug|Any CPU
		{3788ACA5-1B32-414C-8678-637D8CAD9B18}.Debug|Mixed Platforms.ActiveCfg = Debug|Any CPU
		{3788ACA5-1B32-414C-8678-637D8CAD9B18}.Debug|Mixed Platforms.Build.0 = Debug|Any CPU
		{3788ACA5-1B32-414C-8678-637D8CAD9B18}.Debug|x64.ActiveCfg = Debug|Any CPU
		{3788ACA5-1B32-414C-8678-637D8CAD9B18}.Debug|x64.Build.0 = Debug|Any CPU
		{3788ACA5-1B32-414C-8678-637D8CAD9B18}.Debug|x86.ActiveCfg = Debug|Any CPU
		{3788ACA5-1B32-414C-8678-637D8CAD9B18}.Debug|x86.Build.0 = Debug|Any CPU
		{3788ACA5-1B32-414C-8678-637D8CAD9B18}.Release|Any CPU.ActiveCfg = Release|Any CPU
		{3788ACA5-1B32-414C-8678-637D8CAD9B18}.Release|Any CPU.Build.0 = Release|Any CPU
		{3788ACA5-1B32-414C-8678-637D8CAD9B18}.Release|Mixed Platforms.ActiveCfg = Release|Any CPU
		{3788ACA5-1B32-414C-8678-637D8CAD9B18}.Release|Mixed Platforms.Build.0 = Release|Any CPU
		{3788ACA5-1B32-414C-8678-637D8CAD9B18}.Release|x64.ActiveCfg = Release|Any CPU
		{3788ACA5-1B32-414C-8678-637D8CAD9B18}.Release|x64.Build.0 = Release|Any CPU
		{3788ACA5-1B32-414C-8678-637D8CAD9B18}.Release|x86.ActiveCfg = Release|Any CPU
		{3788ACA5-1B32-414C-8678-637D8CAD9B18}.Release|x86.Build.0 = Release|Any CPU
		{35140C32-3463-46FB-8623-E41A90EB8EE1}.Debug|Any CPU.ActiveCfg = Debug|Any CPU
		{35140C32-3463-46FB-8623-E41A90EB8EE1}.Debug|Any CPU.Build.0 = Debug|Any CPU
		{35140C32-3463-46FB-8623-E41A90EB8EE1}.Debug|Mixed Platforms.ActiveCfg = Debug|Any CPU
		{35140C32-3463-46FB-8623-E41A90EB8EE1}.Debug|Mixed Platforms.Build.0 = Debug|Any CPU
		{35140C32-3463-46FB-8623-E41A90EB8EE1}.Debug|x64.ActiveCfg = Debug|Any CPU
		{35140C32-3463-46FB-8623-E41A90EB8EE1}.Debug|x64.Build.0 = Debug|Any CPU
		{35140C32-3463-46FB-8623-E41A90EB8EE1}.Debug|x86.ActiveCfg = Debug|Any CPU
		{35140C32-3463-46FB-8623-E41A90EB8EE1}.Debug|x86.Build.0 = Debug|Any CPU
		{35140C32-3463-46FB-8623-E41A90EB8EE1}.Release|Any CPU.ActiveCfg = Release|Any CPU
		{35140C32-3463-46FB-8623-E41A90EB8EE1}.Release|Any CPU.Build.0 = Release|Any CPU
		{35140C32-3463-46FB-8623-E41A90EB8EE1}.Release|Mixed Platforms.ActiveCfg = Release|Any CPU
		{35140C32-3463-46FB-8623-E41A90EB8EE1}.Release|Mixed Platforms.Build.0 = Release|Any CPU
		{35140C32-3463-46FB-8623-E41A90EB8EE1}.Release|x64.ActiveCfg = Release|Any CPU
		{35140C32-3463-46FB-8623-E41A90EB8EE1}.Release|x64.Build.0 = Release|Any CPU
		{35140C32-3463-46FB-8623-E41A90EB8EE1}.Release|x86.ActiveCfg = Release|Any CPU
		{35140C32-3463-46FB-8623-E41A90EB8EE1}.Release|x86.Build.0 = Release|Any CPU
		{1FDE7D08-9014-474C-90C4-A13814D94327}.Debug|Any CPU.ActiveCfg = Debug|Any CPU
		{1FDE7D08-9014-474C-90C4-A13814D94327}.Debug|Any CPU.Build.0 = Debug|Any CPU
		{1FDE7D08-9014-474C-90C4-A13814D94327}.Debug|Mixed Platforms.ActiveCfg = Debug|Any CPU
		{1FDE7D08-9014-474C-90C4-A13814D94327}.Debug|Mixed Platforms.Build.0 = Debug|Any CPU
		{1FDE7D08-9014-474C-90C4-A13814D94327}.Debug|x64.ActiveCfg = Debug|Any CPU
		{1FDE7D08-9014-474C-90C4-A13814D94327}.Debug|x64.Build.0 = Debug|Any CPU
		{1FDE7D08-9014-474C-90C4-A13814D94327}.Debug|x86.ActiveCfg = Debug|Any CPU
		{1FDE7D08-9014-474C-90C4-A13814D94327}.Debug|x86.Build.0 = Debug|Any CPU
		{1FDE7D08-9014-474C-90C4-A13814D94327}.Release|Any CPU.ActiveCfg = Release|Any CPU
		{1FDE7D08-9014-474C-90C4-A13814D94327}.Release|Any CPU.Build.0 = Release|Any CPU
		{1FDE7D08-9014-474C-90C4-A13814D94327}.Release|Mixed Platforms.ActiveCfg = Release|Any CPU
		{1FDE7D08-9014-474C-90C4-A13814D94327}.Release|Mixed Platforms.Build.0 = Release|Any CPU
		{1FDE7D08-9014-474C-90C4-A13814D94327}.Release|x64.ActiveCfg = Release|Any CPU
		{1FDE7D08-9014-474C-90C4-A13814D94327}.Release|x64.Build.0 = Release|Any CPU
		{1FDE7D08-9014-474C-90C4-A13814D94327}.Release|x86.ActiveCfg = Release|Any CPU
		{1FDE7D08-9014-474C-90C4-A13814D94327}.Release|x86.Build.0 = Release|Any CPU
		{78F9F16B-D842-488F-A418-6AF01F8D4C13}.Debug|Any CPU.ActiveCfg = Debug|Any CPU
		{78F9F16B-D842-488F-A418-6AF01F8D4C13}.Debug|Any CPU.Build.0 = Debug|Any CPU
		{78F9F16B-D842-488F-A418-6AF01F8D4C13}.Debug|Mixed Platforms.ActiveCfg = Debug|Any CPU
		{78F9F16B-D842-488F-A418-6AF01F8D4C13}.Debug|Mixed Platforms.Build.0 = Debug|Any CPU
		{78F9F16B-D842-488F-A418-6AF01F8D4C13}.Debug|x64.ActiveCfg = Debug|Any CPU
		{78F9F16B-D842-488F-A418-6AF01F8D4C13}.Debug|x64.Build.0 = Debug|Any CPU
		{78F9F16B-D842-488F-A418-6AF01F8D4C13}.Debug|x86.ActiveCfg = Debug|Any CPU
		{78F9F16B-D842-488F-A418-6AF01F8D4C13}.Debug|x86.Build.0 = Debug|Any CPU
		{78F9F16B-D842-488F-A418-6AF01F8D4C13}.Release|Any CPU.ActiveCfg = Release|Any CPU
		{78F9F16B-D842-488F-A418-6AF01F8D4C13}.Release|Any CPU.Build.0 = Release|Any CPU
		{78F9F16B-D842-488F-A418-6AF01F8D4C13}.Release|Mixed Platforms.ActiveCfg = Release|Any CPU
		{78F9F16B-D842-488F-A418-6AF01F8D4C13}.Release|Mixed Platforms.Build.0 = Release|Any CPU
		{78F9F16B-D842-488F-A418-6AF01F8D4C13}.Release|x64.ActiveCfg = Release|Any CPU
		{78F9F16B-D842-488F-A418-6AF01F8D4C13}.Release|x64.Build.0 = Release|Any CPU
		{78F9F16B-D842-488F-A418-6AF01F8D4C13}.Release|x86.ActiveCfg = Release|Any CPU
		{78F9F16B-D842-488F-A418-6AF01F8D4C13}.Release|x86.Build.0 = Release|Any CPU
		{9672D599-3D93-41E6-914D-91C4A24B172B}.Debug|Any CPU.ActiveCfg = Debug|Any CPU
		{9672D599-3D93-41E6-914D-91C4A24B172B}.Debug|Any CPU.Build.0 = Debug|Any CPU
		{9672D599-3D93-41E6-914D-91C4A24B172B}.Debug|Mixed Platforms.ActiveCfg = Debug|Any CPU
		{9672D599-3D93-41E6-914D-91C4A24B172B}.Debug|Mixed Platforms.Build.0 = Debug|Any CPU
		{9672D599-3D93-41E6-914D-91C4A24B172B}.Debug|x64.ActiveCfg = Debug|Any CPU
		{9672D599-3D93-41E6-914D-91C4A24B172B}.Debug|x64.Build.0 = Debug|Any CPU
		{9672D599-3D93-41E6-914D-91C4A24B172B}.Debug|x86.ActiveCfg = Debug|Any CPU
		{9672D599-3D93-41E6-914D-91C4A24B172B}.Debug|x86.Build.0 = Debug|Any CPU
		{9672D599-3D93-41E6-914D-91C4A24B172B}.Release|Any CPU.ActiveCfg = Release|Any CPU
		{9672D599-3D93-41E6-914D-91C4A24B172B}.Release|Any CPU.Build.0 = Release|Any CPU
		{9672D599-3D93-41E6-914D-91C4A24B172B}.Release|Mixed Platforms.ActiveCfg = Release|Any CPU
		{9672D599-3D93-41E6-914D-91C4A24B172B}.Release|Mixed Platforms.Build.0 = Release|Any CPU
		{9672D599-3D93-41E6-914D-91C4A24B172B}.Release|x64.ActiveCfg = Release|Any CPU
		{9672D599-3D93-41E6-914D-91C4A24B172B}.Release|x64.Build.0 = Release|Any CPU
		{9672D599-3D93-41E6-914D-91C4A24B172B}.Release|x86.ActiveCfg = Release|Any CPU
		{9672D599-3D93-41E6-914D-91C4A24B172B}.Release|x86.Build.0 = Release|Any CPU
		{271E7877-7910-4414-AF23-DB5B192E74E8}.Debug|Any CPU.ActiveCfg = Debug|Any CPU
		{271E7877-7910-4414-AF23-DB5B192E74E8}.Debug|Any CPU.Build.0 = Debug|Any CPU
		{271E7877-7910-4414-AF23-DB5B192E74E8}.Debug|Mixed Platforms.ActiveCfg = Debug|Any CPU
		{271E7877-7910-4414-AF23-DB5B192E74E8}.Debug|Mixed Platforms.Build.0 = Debug|Any CPU
		{271E7877-7910-4414-AF23-DB5B192E74E8}.Debug|x64.ActiveCfg = Debug|Any CPU
		{271E7877-7910-4414-AF23-DB5B192E74E8}.Debug|x64.Build.0 = Debug|Any CPU
		{271E7877-7910-4414-AF23-DB5B192E74E8}.Debug|x86.ActiveCfg = Debug|Any CPU
		{271E7877-7910-4414-AF23-DB5B192E74E8}.Debug|x86.Build.0 = Debug|Any CPU
		{271E7877-7910-4414-AF23-DB5B192E74E8}.Release|Any CPU.ActiveCfg = Release|Any CPU
		{271E7877-7910-4414-AF23-DB5B192E74E8}.Release|Any CPU.Build.0 = Release|Any CPU
		{271E7877-7910-4414-AF23-DB5B192E74E8}.Release|Mixed Platforms.ActiveCfg = Release|Any CPU
		{271E7877-7910-4414-AF23-DB5B192E74E8}.Release|Mixed Platforms.Build.0 = Release|Any CPU
		{271E7877-7910-4414-AF23-DB5B192E74E8}.Release|x64.ActiveCfg = Release|Any CPU
		{271E7877-7910-4414-AF23-DB5B192E74E8}.Release|x64.Build.0 = Release|Any CPU
		{271E7877-7910-4414-AF23-DB5B192E74E8}.Release|x86.ActiveCfg = Release|Any CPU
		{271E7877-7910-4414-AF23-DB5B192E74E8}.Release|x86.Build.0 = Release|Any CPU
		{9B2A88C4-F717-4CB8-86E1-0F6FDD5D9837}.Debug|Any CPU.ActiveCfg = Debug|Any CPU
		{9B2A88C4-F717-4CB8-86E1-0F6FDD5D9837}.Debug|Any CPU.Build.0 = Debug|Any CPU
		{9B2A88C4-F717-4CB8-86E1-0F6FDD5D9837}.Debug|Mixed Platforms.ActiveCfg = Debug|Any CPU
		{9B2A88C4-F717-4CB8-86E1-0F6FDD5D9837}.Debug|Mixed Platforms.Build.0 = Debug|Any CPU
		{9B2A88C4-F717-4CB8-86E1-0F6FDD5D9837}.Debug|x64.ActiveCfg = Debug|Any CPU
		{9B2A88C4-F717-4CB8-86E1-0F6FDD5D9837}.Debug|x64.Build.0 = Debug|Any CPU
		{9B2A88C4-F717-4CB8-86E1-0F6FDD5D9837}.Debug|x86.ActiveCfg = Debug|Any CPU
		{9B2A88C4-F717-4CB8-86E1-0F6FDD5D9837}.Debug|x86.Build.0 = Debug|Any CPU
		{9B2A88C4-F717-4CB8-86E1-0F6FDD5D9837}.Release|Any CPU.ActiveCfg = Release|Any CPU
		{9B2A88C4-F717-4CB8-86E1-0F6FDD5D9837}.Release|Any CPU.Build.0 = Release|Any CPU
		{9B2A88C4-F717-4CB8-86E1-0F6FDD5D9837}.Release|Mixed Platforms.ActiveCfg = Release|Any CPU
		{9B2A88C4-F717-4CB8-86E1-0F6FDD5D9837}.Release|Mixed Platforms.Build.0 = Release|Any CPU
		{9B2A88C4-F717-4CB8-86E1-0F6FDD5D9837}.Release|x64.ActiveCfg = Release|Any CPU
		{9B2A88C4-F717-4CB8-86E1-0F6FDD5D9837}.Release|x64.Build.0 = Release|Any CPU
		{9B2A88C4-F717-4CB8-86E1-0F6FDD5D9837}.Release|x86.ActiveCfg = Release|Any CPU
		{9B2A88C4-F717-4CB8-86E1-0F6FDD5D9837}.Release|x86.Build.0 = Release|Any CPU
		{DA67689F-B6CB-4F88-A728-8C405E321AEA}.Debug|Any CPU.ActiveCfg = Debug|Any CPU
		{DA67689F-B6CB-4F88-A728-8C405E321AEA}.Debug|Any CPU.Build.0 = Debug|Any CPU
		{DA67689F-B6CB-4F88-A728-8C405E321AEA}.Debug|Mixed Platforms.ActiveCfg = Debug|Any CPU
		{DA67689F-B6CB-4F88-A728-8C405E321AEA}.Debug|Mixed Platforms.Build.0 = Debug|Any CPU
		{DA67689F-B6CB-4F88-A728-8C405E321AEA}.Debug|x64.ActiveCfg = Debug|Any CPU
		{DA67689F-B6CB-4F88-A728-8C405E321AEA}.Debug|x64.Build.0 = Debug|Any CPU
		{DA67689F-B6CB-4F88-A728-8C405E321AEA}.Debug|x86.ActiveCfg = Debug|Any CPU
		{DA67689F-B6CB-4F88-A728-8C405E321AEA}.Debug|x86.Build.0 = Debug|Any CPU
		{DA67689F-B6CB-4F88-A728-8C405E321AEA}.Release|Any CPU.ActiveCfg = Release|Any CPU
		{DA67689F-B6CB-4F88-A728-8C405E321AEA}.Release|Any CPU.Build.0 = Release|Any CPU
		{DA67689F-B6CB-4F88-A728-8C405E321AEA}.Release|Mixed Platforms.ActiveCfg = Release|Any CPU
		{DA67689F-B6CB-4F88-A728-8C405E321AEA}.Release|Mixed Platforms.Build.0 = Release|Any CPU
		{DA67689F-B6CB-4F88-A728-8C405E321AEA}.Release|x64.ActiveCfg = Release|Any CPU
		{DA67689F-B6CB-4F88-A728-8C405E321AEA}.Release|x64.Build.0 = Release|Any CPU
		{DA67689F-B6CB-4F88-A728-8C405E321AEA}.Release|x86.ActiveCfg = Release|Any CPU
		{DA67689F-B6CB-4F88-A728-8C405E321AEA}.Release|x86.Build.0 = Release|Any CPU
		{4E6B3F5E-7C42-4A1C-9E02-7D9A3D4C8E61}.Debug|Any CPU.ActiveCfg = Debug|Any CPU
		{4E6B3F5E-7C42-4A1C-9E02-7D9A3D4C8E61}.Debug|Any CPU.Build.0 = Debug|Any CPU
		{4E6B3F5E-7C42-4A1C-9E02-7D9A3D4C8E61}.Debug|Mixed Platforms.ActiveCfg = Debug|Any CPU
		{4E6B3F5E-7C42-4A1C-9E02-7D9A3D4C8E61}.Debug|Mixed Platforms.Build.0 = Debug|Any CPU
		{4E6B3F5E-7C42-4A1C-9E02-7D9A3D4C8E61}.Debug|x64.ActiveCfg = Debug|Any CPU
		{4E6B3F5E-7C42-4A1C-9E02-7D9A3D4C8E61}.Debug|x64.Build.0 = Debug|Any CPU
		{4E6B3F5E-7C42-4A1C-9E02-7D9A3D4C8E61}.Debug|x86.ActiveCfg = Debug|Any CPU
		{4E6B3F5E-7C42-4A1C-9E02-7D9A3D4C8E61}.Debug|x86.Build.0 = Debug|Any CPU
		{4E6B3F5E-7C42-4A1C-9E02-7D9A3D4C8E61}.Release|Any CPU.ActiveCfg = Release|Any CPU
		{4E6B3F5E-7C42-4A1C-9E02-7D9A3D4C8E61}.Release|Any CPU.Build.0 = Release|Any CPU
		{4E6B3F5E-7C42-4A1C-9E02-7D9A3D4C8E61}.Release|Mixed Platforms.ActiveCfg = Release|Any CPU
		{4E6B3F5E-7C42-4A1C-9E02-7D9A3D4C8E61}.Release|Mixed Platforms.Build.0 = Release|Any CPU
		{4E6B3F5E-7C42-4A1C-9E02-7D9A3D4C8E61}.Release|x64.ActiveCfg = Release|Any CPU
		{4E6B3F5E-7C42-4A1C-9E02-7D9A3D4C8E61}.Release|x64.Build.0 = Release|Any CPU
		{4E6B3F5E-7C42-4A1C-9E02-7D9A3D4C8E61}.Release|x86.ActiveCfg = Release|Any CPU
		{4E6B3F5E-7C42-4A1C-9E02-7D9A3D4C8E61}.Release|x86.Build.0 = Release|Any CPU
		{549DB25A-6585-41A5-8A36-A234D24D8A72}.Debug|Any CPU.ActiveCfg = Debug|Any CPU
		{549DB25A-6585-41A5-8A36-A234D24D8A72}.Debug|Any CPU.Build.0 = Debug|Any CPU
		{549DB25A-6585-41A5-8A36-A234D24D8A72}.Debug|Mixed Platforms.ActiveCfg = Debug|Any CPU
		{549DB25A-6585-41A5-8A36-A234D24D8A72}.Debug|Mixed Platforms.Build.0 = Debug|Any CPU
		{549DB25A-6585-41A5-8A36-A234D24D8A72}.Debug|x64.ActiveCfg = Debug|Any CPU
		{549DB25A-6585-41A5-8A36-A234D24D8A72}.Debug|x64.Build.0 = Debug|Any CPU
		{549DB25A-6585-41A5-8A36-A234D24D8A72}.Debug|x86.ActiveCfg = Debug|Any CPU
		{549DB25A-6585-41A5-8A36-A234D24D8A72}.Debug|x86.Build.0 = Debug|Any CPU
		{549DB25A-6585-41A5-8A36-A234D24D8A72}.Release|Any CPU.ActiveCfg = Release|Any CPU
		{549DB25A-6585-41A5-8A36-A234D24D8A72}.Release|Any CPU.Build.0 = Release|Any CPU
		{549DB25A-6585-41A5-8A36-A234D24D8A72}.Release|Mixed Platforms.ActiveCfg = Release|Any CPU
		{549DB25A-6585-41A5-8A36-A234D24D8A72}.Release|Mixed Platforms.Build.0 = Release|Any CPU
		{549DB25A-6585-41A5-8A36-A234D24D8A72}.Release|x64.ActiveCfg = Release|Any CPU
		{549DB25A-6585-41A5-8A36-A234D24D8A72}.Release|x64.Build.0 = Release|Any CPU
		{549DB25A-6585-41A5-8A36-A234D24D8A72}.Release|x86.ActiveCfg = Release|Any CPU
		{549DB25A-6585-41A5-8A36-A234D24D8A72}.Release|x86.Build.0 = Release|Any CPU
	EndGlobalSection
	GlobalSection(SolutionProperties) = preSolution
		HideSolutionNode = FALSE
	EndGlobalSection
	GlobalSection(NestedProjects) = preSolution
		{549DB25A-6585-41A5-8A36-A234D24D8A72} = {0AB3BF05-4346-4AA6-1389-037BE0695223}
	EndGlobalSection
	GlobalSection(ExtensibilityGlobals) = postSolution
		SolutionGuid = {6886667E-F577-44DC-868A-3164BAB4D438}
	EndGlobalSection
EndGlobal
